
Microsoft Visual Studio Solution File, Format Version 12.00
# Visual Studio Version 17
VisualStudioVersion = 17.13.35731.43 d17.13
MinimumVisualStudioVersion = 10.0.40219.1
Project("{FAE04EC0-301F-11D3-BF4B-00C04F79EFBC}") = "TestProgramm2", "TestProgramm2\TestProgramm2.csproj", "{47900747-3565-424D-A873-F7307060ADCD}"
EndProject
Global
	GlobalSection(SolutionConfigurationPlatforms) = preSolution
		Debug|Any CPU = Debug|Any CPU
		Release|Any CPU = Release|Any CPU
	EndGlobalSection
	GlobalSection(ProjectConfigurationPlatforms) = postSolution
		{47900747-3565-424D-A873-F7307060ADCD}.Debug|Any CPU.ActiveCfg = Debug|Any CPU
		{47900747-3565-424D-A873-F7307060ADCD}.Debug|Any CPU.Build.0 = Debug|Any CPU
		{47900747-3565-424D-A873-F7307060ADCD}.Release|Any CPU.ActiveCfg = Release|Any CPU
		{47900747-3565-424D-A873-F7307060ADCD}.Release|Any CPU.Build.0 = Release|Any CPU
	EndGlobalSection
	GlobalSection(SolutionProperties) = preSolution
		HideSolutionNode = FALSE
	EndGlobalSection
	GlobalSection(ExtensibilityGlobals) = postSolution
		SolutionGuid = {43ED4682-ACBE-4BA1-A578-218B9135EEA8}
	EndGlobalSection
EndGlobal
